// !$*UTF8*$!
{
	archiveVersion = 1;
	classes = {
	};
	objectVersion = 55;
	objects = {

/* Begin PBXBuildFile section */
		03199CCD5EBDB596E0DACEC5 /* Pods_starup.framework in Frameworks */ = {isa = PBXBuildFile; fileRef = C69E46D2852685D30A8E9AFD /* Pods_starup.framework */; };
		C7C8A4607A1D1D10CB698D73 /* Pods_starupTests.framework in Frameworks */ = {isa = PBXBuildFile; fileRef = 827D1084F722208A5D08B0A5 /* Pods_starupTests.framework */; };
		D41A9B7D2875F0DA0038852B /* AppDelegate.m in Sources */ = {isa = PBXBuildFile; fileRef = D41A9B7C2875F0DA0038852B /* AppDelegate.m */; };
		D41A9B802875F0DA0038852B /* SceneDelegate.m in Sources */ = {isa = PBXBuildFile; fileRef = D41A9B7F2875F0DA0038852B /* SceneDelegate.m */; };
		D41A9B832875F0DA0038852B /* ViewController.m in Sources */ = {isa = PBXBuildFile; fileRef = D41A9B822875F0DA0038852B /* ViewController.m */; };
		D41A9B862875F0DA0038852B /* Main.storyboard in Resources */ = {isa = PBXBuildFile; fileRef = D41A9B842875F0DA0038852B /* Main.storyboard */; };
		D41A9B882875F0DB0038852B /* Assets.xcassets in Resources */ = {isa = PBXBuildFile; fileRef = D41A9B872875F0DB0038852B /* Assets.xcassets */; };
		D41A9B8B2875F0DB0038852B /* LaunchScreen.storyboard in Resources */ = {isa = PBXBuildFile; fileRef = D41A9B892875F0DB0038852B /* LaunchScreen.storyboard */; };
		D41A9B8E2875F0DB0038852B /* main.m in Sources */ = {isa = PBXBuildFile; fileRef = D41A9B8D2875F0DB0038852B /* main.m */; };
		D41A9B982875F0DB0038852B /* starupTests.m in Sources */ = {isa = PBXBuildFile; fileRef = D41A9B972875F0DB0038852B /* starupTests.m */; };
		D41A9BA22875F0DC0038852B /* starupUITests.m in Sources */ = {isa = PBXBuildFile; fileRef = D41A9BA12875F0DC0038852B /* starupUITests.m */; };
		D41A9BA42875F0DC0038852B /* starupUITestsLaunchTests.m in Sources */ = {isa = PBXBuildFile; fileRef = D41A9BA32875F0DC0038852B /* starupUITestsLaunchTests.m */; };
		FB50FED72C2285DFF8940994 /* Pods_starup_starupUITests.framework in Frameworks */ = {isa = PBXBuildFile; fileRef = 120143D56E6EFC00AC9D69EF /* Pods_starup_starupUITests.framework */; };
/* End PBXBuildFile section */

/* Begin PBXContainerItemProxy section */
		D41A9B942875F0DB0038852B /* PBXContainerItemProxy */ = {
			isa = PBXContainerItemProxy;
			containerPortal = D41A9B702875F0DA0038852B /* Project object */;
			proxyType = 1;
			remoteGlobalIDString = D41A9B772875F0DA0038852B;
			remoteInfo = starup;
		};
		D41A9B9E2875F0DC0038852B /* PBXContainerItemProxy */ = {
			isa = PBXContainerItemProxy;
			containerPortal = D41A9B702875F0DA0038852B /* Project object */;
			proxyType = 1;
			remoteGlobalIDString = D41A9B772875F0DA0038852B;
			remoteInfo = starup;
		};
/* End PBXContainerItemProxy section */

/* Begin PBXFileReference section */
		120143D56E6EFC00AC9D69EF /* Pods_starup_starupUITests.framework */ = {isa = PBXFileReference; explicitFileType = wrapper.framework; includeInIndex = 0; path = Pods_starup_starupUITests.framework; sourceTree = BUILT_PRODUCTS_DIR; };
		27DD39C3BE3EECB3B6F3EEDE /* Pods-starup-starupUITests.debug.xcconfig */ = {isa = PBXFileReference; includeInIndex = 1; lastKnownFileType = text.xcconfig; name = "Pods-starup-starupUITests.debug.xcconfig"; path = "Target Support Files/Pods-starup-starupUITests/Pods-starup-starupUITests.debug.xcconfig"; sourceTree = "<group>"; };
		735A2F298342EC4AF9CD2821 /* Pods-starupTests.debug.xcconfig */ = {isa = PBXFileReference; includeInIndex = 1; lastKnownFileType = text.xcconfig; name = "Pods-starupTests.debug.xcconfig"; path = "Target Support Files/Pods-starupTests/Pods-starupTests.debug.xcconfig"; sourceTree = "<group>"; };
		746803DBBEAB7E40D2152912 /* Pods-starupTests.release.xcconfig */ = {isa = PBXFileReference; includeInIndex = 1; lastKnownFileType = text.xcconfig; name = "Pods-starupTests.release.xcconfig"; path = "Target Support Files/Pods-starupTests/Pods-starupTests.release.xcconfig"; sourceTree = "<group>"; };
		7A96544771F736D63295626F /* Pods-starup-starupUITests.release.xcconfig */ = {isa = PBXFileReference; includeInIndex = 1; lastKnownFileType = text.xcconfig; name = "Pods-starup-starupUITests.release.xcconfig"; path = "Target Support Files/Pods-starup-starupUITests/Pods-starup-starupUITests.release.xcconfig"; sourceTree = "<group>"; };
		7F825E4AF2CEE9E6C29D1E76 /* Pods-starup.debug.xcconfig */ = {isa = PBXFileReference; includeInIndex = 1; lastKnownFileType = text.xcconfig; name = "Pods-starup.debug.xcconfig"; path = "Target Support Files/Pods-starup/Pods-starup.debug.xcconfig"; sourceTree = "<group>"; };
		827D1084F722208A5D08B0A5 /* Pods_starupTests.framework */ = {isa = PBXFileReference; explicitFileType = wrapper.framework; includeInIndex = 0; path = Pods_starupTests.framework; sourceTree = BUILT_PRODUCTS_DIR; };
		8D3C128374EC55E4C0848D59 /* Pods-starup.release.xcconfig */ = {isa = PBXFileReference; includeInIndex = 1; lastKnownFileType = text.xcconfig; name = "Pods-starup.release.xcconfig"; path = "Target Support Files/Pods-starup/Pods-starup.release.xcconfig"; sourceTree = "<group>"; };
		C69E46D2852685D30A8E9AFD /* Pods_starup.framework */ = {isa = PBXFileReference; explicitFileType = wrapper.framework; includeInIndex = 0; path = Pods_starup.framework; sourceTree = BUILT_PRODUCTS_DIR; };
		D41A9B782875F0DA0038852B /* starup.app */ = {isa = PBXFileReference; explicitFileType = wrapper.application; includeInIndex = 0; path = starup.app; sourceTree = BUILT_PRODUCTS_DIR; };
		D41A9B7B2875F0DA0038852B /* AppDelegate.h */ = {isa = PBXFileReference; lastKnownFileType = sourcecode.c.h; path = AppDelegate.h; sourceTree = "<group>"; };
		D41A9B7C2875F0DA0038852B /* AppDelegate.m */ = {isa = PBXFileReference; lastKnownFileType = sourcecode.c.objc; path = AppDelegate.m; sourceTree = "<group>"; };
		D41A9B7E2875F0DA0038852B /* SceneDelegate.h */ = {isa = PBXFileReference; lastKnownFileType = sourcecode.c.h; path = SceneDelegate.h; sourceTree = "<group>"; };
		D41A9B7F2875F0DA0038852B /* SceneDelegate.m */ = {isa = PBXFileReference; lastKnownFileType = sourcecode.c.objc; path = SceneDelegate.m; sourceTree = "<group>"; };
		D41A9B812875F0DA0038852B /* ViewController.h */ = {isa = PBXFileReference; lastKnownFileType = sourcecode.c.h; path = ViewController.h; sourceTree = "<group>"; };
		D41A9B822875F0DA0038852B /* ViewController.m */ = {isa = PBXFileReference; lastKnownFileType = sourcecode.c.objc; path = ViewController.m; sourceTree = "<group>"; };
		D41A9B852875F0DA0038852B /* Base */ = {isa = PBXFileReference; lastKnownFileType = file.storyboard; name = Base; path = Base.lproj/Main.storyboard; sourceTree = "<group>"; };
		D41A9B872875F0DB0038852B /* Assets.xcassets */ = {isa = PBXFileReference; lastKnownFileType = folder.assetcatalog; path = Assets.xcassets; sourceTree = "<group>"; };
		D41A9B8A2875F0DB0038852B /* Base */ = {isa = PBXFileReference; lastKnownFileType = file.storyboard; name = Base; path = Base.lproj/LaunchScreen.storyboard; sourceTree = "<group>"; };
		D41A9B8C2875F0DB0038852B /* Info.plist */ = {isa = PBXFileReference; lastKnownFileType = text.plist.xml; path = Info.plist; sourceTree = "<group>"; };
		D41A9B8D2875F0DB0038852B /* main.m */ = {isa = PBXFileReference; lastKnownFileType = sourcecode.c.objc; path = main.m; sourceTree = "<group>"; };
		D41A9B932875F0DB0038852B /* starupTests.xctest */ = {isa = PBXFileReference; explicitFileType = wrapper.cfbundle; includeInIndex = 0; path = starupTests.xctest; sourceTree = BUILT_PRODUCTS_DIR; };
		D41A9B972875F0DB0038852B /* starupTests.m */ = {isa = PBXFileReference; lastKnownFileType = sourcecode.c.objc; path = starupTests.m; sourceTree = "<group>"; };
		D41A9B9D2875F0DC0038852B /* starupUITests.xctest */ = {isa = PBXFileReference; explicitFileType = wrapper.cfbundle; includeInIndex = 0; path = starupUITests.xctest; sourceTree = BUILT_PRODUCTS_DIR; };
		D41A9BA12875F0DC0038852B /* starupUITests.m */ = {isa = PBXFileReference; lastKnownFileType = sourcecode.c.objc; path = starupUITests.m; sourceTree = "<group>"; };
		D41A9BA32875F0DC0038852B /* starupUITestsLaunchTests.m */ = {isa = PBXFileReference; lastKnownFileType = sourcecode.c.objc; path = starupUITestsLaunchTests.m; sourceTree = "<group>"; };
/* End PBXFileReference section */

/* Begin PBXFrameworksBuildPhase section */
		D41A9B752875F0DA0038852B /* Frameworks */ = {
			isa = PBXFrameworksBuildPhase;
			buildActionMask = 2147483647;
			files = (
				03199CCD5EBDB596E0DACEC5 /* Pods_starup.framework in Frameworks */,
			);
			runOnlyForDeploymentPostprocessing = 0;
		};
		D41A9B902875F0DB0038852B /* Frameworks */ = {
			isa = PBXFrameworksBuildPhase;
			buildActionMask = 2147483647;
			files = (
				C7C8A4607A1D1D10CB698D73 /* Pods_starupTests.framework in Frameworks */,
			);
			runOnlyForDeploymentPostprocessing = 0;
		};
		D41A9B9A2875F0DB0038852B /* Frameworks */ = {
			isa = PBXFrameworksBuildPhase;
			buildActionMask = 2147483647;
			files = (
				FB50FED72C2285DFF8940994 /* Pods_starup_starupUITests.framework in Frameworks */,
			);
			runOnlyForDeploymentPostprocessing = 0;
		};
/* End PBXFrameworksBuildPhase section */

/* Begin PBXGroup section */
		604CE5BEFCD81A999D6AD45C /* Frameworks */ = {
			isa = PBXGroup;
			children = (
				C69E46D2852685D30A8E9AFD /* Pods_starup.framework */,
				120143D56E6EFC00AC9D69EF /* Pods_starup_starupUITests.framework */,
				827D1084F722208A5D08B0A5 /* Pods_starupTests.framework */,
			);
			name = Frameworks;
			sourceTree = "<group>";
		};
		73DE4402699CC677B6FA4707 /* Pods */ = {
			isa = PBXGroup;
			children = (
				7F825E4AF2CEE9E6C29D1E76 /* Pods-starup.debug.xcconfig */,
				8D3C128374EC55E4C0848D59 /* Pods-starup.release.xcconfig */,
				27DD39C3BE3EECB3B6F3EEDE /* Pods-starup-starupUITests.debug.xcconfig */,
				7A96544771F736D63295626F /* Pods-starup-starupUITests.release.xcconfig */,
				735A2F298342EC4AF9CD2821 /* Pods-starupTests.debug.xcconfig */,
				746803DBBEAB7E40D2152912 /* Pods-starupTests.release.xcconfig */,
			);
			name = Pods;
			path = Pods;
			sourceTree = "<group>";
		};
		D41A9B6F2875F0DA0038852B = {
			isa = PBXGroup;
			children = (
				D41A9B7A2875F0DA0038852B /* starup */,
				D41A9B962875F0DB0038852B /* starupTests */,
				D41A9BA02875F0DC0038852B /* starupUITests */,
				D41A9B792875F0DA0038852B /* Products */,
				73DE4402699CC677B6FA4707 /* Pods */,
				604CE5BEFCD81A999D6AD45C /* Frameworks */,
			);
			sourceTree = "<group>";
		};
		D41A9B792875F0DA0038852B /* Products */ = {
			isa = PBXGroup;
			children = (
				D41A9B782875F0DA0038852B /* starup.app */,
				D41A9B932875F0DB0038852B /* starupTests.xctest */,
				D41A9B9D2875F0DC0038852B /* starupUITests.xctest */,
			);
			name = Products;
			sourceTree = "<group>";
		};
		D41A9B7A2875F0DA0038852B /* starup */ = {
			isa = PBXGroup;
			children = (
				D41A9B7B2875F0DA0038852B /* AppDelegate.h */,
				D41A9B7C2875F0DA0038852B /* AppDelegate.m */,
				D41A9B7E2875F0DA0038852B /* SceneDelegate.h */,
				D41A9B7F2875F0DA0038852B /* SceneDelegate.m */,
				D41A9B812875F0DA0038852B /* ViewController.h */,
				D41A9B822875F0DA0038852B /* ViewController.m */,
				D41A9B842875F0DA0038852B /* Main.storyboard */,
				D41A9B872875F0DB0038852B /* Assets.xcassets */,
				D41A9B892875F0DB0038852B /* LaunchScreen.storyboard */,
				D41A9B8C2875F0DB0038852B /* Info.plist */,
				D41A9B8D2875F0DB0038852B /* main.m */,
			);
			path = starup;
			sourceTree = "<group>";
		};
		D41A9B962875F0DB0038852B /* starupTests */ = {
			isa = PBXGroup;
			children = (
				D41A9B972875F0DB0038852B /* starupTests.m */,
			);
			path = starupTests;
			sourceTree = "<group>";
		};
		D41A9BA02875F0DC0038852B /* starupUITests */ = {
			isa = PBXGroup;
			children = (
				D41A9BA12875F0DC0038852B /* starupUITests.m */,
				D41A9BA32875F0DC0038852B /* starupUITestsLaunchTests.m */,
			);
			path = starupUITests;
			sourceTree = "<group>";
		};
/* End PBXGroup section */

/* Begin PBXNativeTarget section */
		D41A9B772875F0DA0038852B /* starup */ = {
			isa = PBXNativeTarget;
			buildConfigurationList = D41A9BA72875F0DC0038852B /* Build configuration list for PBXNativeTarget "starup" */;
			buildPhases = (
				821604036FA98FA52C415A4C /* [CP] Check Pods Manifest.lock */,
				D41A9B742875F0DA0038852B /* Sources */,
				D41A9B752875F0DA0038852B /* Frameworks */,
				D41A9B762875F0DA0038852B /* Resources */,
				6E4C2566437F49FF826B8212 /* [CP] Embed Pods Frameworks */,
			);
			buildRules = (
			);
			dependencies = (
			);
			name = starup;
			productName = starup;
			productReference = D41A9B782875F0DA0038852B /* starup.app */;
			productType = "com.apple.product-type.application";
		};
		D41A9B922875F0DB0038852B /* starupTests */ = {
			isa = PBXNativeTarget;
			buildConfigurationList = D41A9BAA2875F0DC0038852B /* Build configuration list for PBXNativeTarget "starupTests" */;
			buildPhases = (
				A048F9BC12D7DF4C54E47BF8 /* [CP] Check Pods Manifest.lock */,
				D41A9B8F2875F0DB0038852B /* Sources */,
				D41A9B902875F0DB0038852B /* Frameworks */,
				D41A9B912875F0DB0038852B /* Resources */,
			);
			buildRules = (
			);
			dependencies = (
				D41A9B952875F0DB0038852B /* PBXTargetDependency */,
			);
			name = starupTests;
			productName = starupTests;
			productReference = D41A9B932875F0DB0038852B /* starupTests.xctest */;
			productType = "com.apple.product-type.bundle.unit-test";
		};
		D41A9B9C2875F0DB0038852B /* starupUITests */ = {
			isa = PBXNativeTarget;
			buildConfigurationList = D41A9BAD2875F0DC0038852B /* Build configuration list for PBXNativeTarget "starupUITests" */;
			buildPhases = (
				6D064D983B4345D9E4E0CC54 /* [CP] Check Pods Manifest.lock */,
				D41A9B992875F0DB0038852B /* Sources */,
				D41A9B9A2875F0DB0038852B /* Frameworks */,
				D41A9B9B2875F0DB0038852B /* Resources */,
				D4169C5B01AF1A0218ACDA48 /* [CP] Embed Pods Frameworks */,
			);
			buildRules = (
			);
			dependencies = (
				D41A9B9F2875F0DC0038852B /* PBXTargetDependency */,
			);
			name = starupUITests;
			productName = starupUITests;
			productReference = D41A9B9D2875F0DC0038852B /* starupUITests.xctest */;
			productType = "com.apple.product-type.bundle.ui-testing";
		};
/* End PBXNativeTarget section */

/* Begin PBXProject section */
		D41A9B702875F0DA0038852B /* Project object */ = {
			isa = PBXProject;
			attributes = {
				BuildIndependentTargetsInParallel = 1;
				LastUpgradeCheck = 1340;
				TargetAttributes = {
					D41A9B772875F0DA0038852B = {
						CreatedOnToolsVersion = 13.4;
					};
					D41A9B922875F0DB0038852B = {
						CreatedOnToolsVersion = 13.4;
						TestTargetID = D41A9B772875F0DA0038852B;
					};
					D41A9B9C2875F0DB0038852B = {
						CreatedOnToolsVersion = 13.4;
						TestTargetID = D41A9B772875F0DA0038852B;
					};
				};
			};
			buildConfigurationList = D41A9B732875F0DA0038852B /* Build configuration list for PBXProject "starup" */;
			compatibilityVersion = "Xcode 13.0";
			developmentRegion = en;
			hasScannedForEncodings = 0;
			knownRegions = (
				en,
				Base,
			);
			mainGroup = D41A9B6F2875F0DA0038852B;
			productRefGroup = D41A9B792875F0DA0038852B /* Products */;
			projectDirPath = "";
			projectRoot = "";
			targets = (
				D41A9B772875F0DA0038852B /* starup */,
				D41A9B922875F0DB0038852B /* starupTests */,
				D41A9B9C2875F0DB0038852B /* starupUITests */,
			);
		};
/* End PBXProject section */

/* Begin PBXResourcesBuildPhase section */
		D41A9B762875F0DA0038852B /* Resources */ = {
			isa = PBXResourcesBuildPhase;
			buildActionMask = 2147483647;
			files = (
				D41A9B8B2875F0DB0038852B /* LaunchScreen.storyboard in Resources */,
				D41A9B882875F0DB0038852B /* Assets.xcassets in Resources */,
				D41A9B862875F0DA0038852B /* Main.storyboard in Resources */,
			);
			runOnlyForDeploymentPostprocessing = 0;
		};
		D41A9B912875F0DB0038852B /* Resources */ = {
			isa = PBXResourcesBuildPhase;
			buildActionMask = 2147483647;
			files = (
			);
			runOnlyForDeploymentPostprocessing = 0;
		};
		D41A9B9B2875F0DB0038852B /* Resources */ = {
			isa = PBXResourcesBuildPhase;
			buildActionMask = 2147483647;
			files = (
			);
			runOnlyForDeploymentPostprocessing = 0;
		};
/* End PBXResourcesBuildPhase section */

/* Begin PBXShellScriptBuildPhase section */
		6D064D983B4345D9E4E0CC54 /* [CP] Check Pods Manifest.lock */ = {
			isa = PBXShellScriptBuildPhase;
			buildActionMask = 2147483647;
			files = (
			);
			inputFileListPaths = (
			);
			inputPaths = (
				"${PODS_PODFILE_DIR_PATH}/Podfile.lock",
				"${PODS_ROOT}/Manifest.lock",
			);
			name = "[CP] Check Pods Manifest.lock";
			outputFileListPaths = (
			);
			outputPaths = (
				"$(DERIVED_FILE_DIR)/Pods-starup-starupUITests-checkManifestLockResult.txt",
			);
			runOnlyForDeploymentPostprocessing = 0;
			shellPath = /bin/sh;
			shellScript = "diff \"${PODS_PODFILE_DIR_PATH}/Podfile.lock\" \"${PODS_ROOT}/Manifest.lock\" > /dev/null\nif [ $? != 0 ] ; then\n    # print error to STDERR\n    echo \"error: The sandbox is not in sync with the Podfile.lock. Run 'pod install' or update your CocoaPods installation.\" >&2\n    exit 1\nfi\n# This output is used by Xcode 'outputs' to avoid re-running this script phase.\necho \"SUCCESS\" > \"${SCRIPT_OUTPUT_FILE_0}\"\n";
			showEnvVarsInLog = 0;
		};
		6E4C2566437F49FF826B8212 /* [CP] Embed Pods Frameworks */ = {
			isa = PBXShellScriptBuildPhase;
			buildActionMask = 2147483647;
			files = (
			);
			inputFileListPaths = (
				"${PODS_ROOT}/Target Support Files/Pods-starup/Pods-starup-frameworks-${CONFIGURATION}-input-files.xcfilelist",
			);
			name = "[CP] Embed Pods Frameworks";
			outputFileListPaths = (
				"${PODS_ROOT}/Target Support Files/Pods-starup/Pods-starup-frameworks-${CONFIGURATION}-output-files.xcfilelist",
			);
			runOnlyForDeploymentPostprocessing = 0;
			shellPath = /bin/sh;
			shellScript = "\"${PODS_ROOT}/Target Support Files/Pods-starup/Pods-starup-frameworks.sh\"\n";
			showEnvVarsInLog = 0;
		};
		821604036FA98FA52C415A4C /* [CP] Check Pods Manifest.lock */ = {
			isa = PBXShellScriptBuildPhase;
			buildActionMask = 2147483647;
			files = (
			);
			inputFileListPaths = (
			);
			inputPaths = (
				"${PODS_PODFILE_DIR_PATH}/Podfile.lock",
				"${PODS_ROOT}/Manifest.lock",
			);
			name = "[CP] Check Pods Manifest.lock";
			outputFileListPaths = (
			);
			outputPaths = (
				"$(DERIVED_FILE_DIR)/Pods-starup-checkManifestLockResult.txt",
			);
			runOnlyForDeploymentPostprocessing = 0;
			shellPath = /bin/sh;
			shellScript = "diff \"${PODS_PODFILE_DIR_PATH}/Podfile.lock\" \"${PODS_ROOT}/Manifest.lock\" > /dev/null\nif [ $? != 0 ] ; then\n    # print error to STDERR\n    echo \"error: The sandbox is not in sync with the Podfile.lock. Run 'pod install' or update your CocoaPods installation.\" >&2\n    exit 1\nfi\n# This output is used by Xcode 'outputs' to avoid re-running this script phase.\necho \"SUCCESS\" > \"${SCRIPT_OUTPUT_FILE_0}\"\n";
			showEnvVarsInLog = 0;
		};
		A048F9BC12D7DF4C54E47BF8 /* [CP] Check Pods Manifest.lock */ = {
			isa = PBXShellScriptBuildPhase;
			buildActionMask = 2147483647;
			files = (
			);
			inputFileListPaths = (
			);
			inputPaths = (
				"${PODS_PODFILE_DIR_PATH}/Podfile.lock",
				"${PODS_ROOT}/Manifest.lock",
			);
			name = "[CP] Check Pods Manifest.lock";
			outputFileListPaths = (
			);
			outputPaths = (
				"$(DERIVED_FILE_DIR)/Pods-starupTests-checkManifestLockResult.txt",
			);
			runOnlyForDeploymentPostprocessing = 0;
			shellPath = /bin/sh;
			shellScript = "diff \"${PODS_PODFILE_DIR_PATH}/Podfile.lock\" \"${PODS_ROOT}/Manifest.lock\" > /dev/null\nif [ $? != 0 ] ; then\n    # print error to STDERR\n    echo \"error: The sandbox is not in sync with the Podfile.lock. Run 'pod install' or update your CocoaPods installation.\" >&2\n    exit 1\nfi\n# This output is used by Xcode 'outputs' to avoid re-running this script phase.\necho \"SUCCESS\" > \"${SCRIPT_OUTPUT_FILE_0}\"\n";
			showEnvVarsInLog = 0;
		};
		D4169C5B01AF1A0218ACDA48 /* [CP] Embed Pods Frameworks */ = {
			isa = PBXShellScriptBuildPhase;
			buildActionMask = 2147483647;
			files = (
			);
			inputFileListPaths = (
				"${PODS_ROOT}/Target Support Files/Pods-starup-starupUITests/Pods-starup-starupUITests-frameworks-${CONFIGURATION}-input-files.xcfilelist",
			);
			name = "[CP] Embed Pods Frameworks";
			outputFileListPaths = (
				"${PODS_ROOT}/Target Support Files/Pods-starup-starupUITests/Pods-starup-starupUITests-frameworks-${CONFIGURATION}-output-files.xcfilelist",
			);
			runOnlyForDeploymentPostprocessing = 0;
			shellPath = /bin/sh;
			shellScript = "\"${PODS_ROOT}/Target Support Files/Pods-starup-starupUITests/Pods-starup-starupUITests-frameworks.sh\"\n";
			showEnvVarsInLog = 0;
		};
/* End PBXShellScriptBuildPhase section */

/* Begin PBXSourcesBuildPhase section */
		D41A9B742875F0DA0038852B /* Sources */ = {
			isa = PBXSourcesBuildPhase;
			buildActionMask = 2147483647;
			files = (
				D41A9B832875F0DA0038852B /* ViewController.m in Sources */,
				D41A9B7D2875F0DA0038852B /* AppDelegate.m in Sources */,
				D41A9B8E2875F0DB0038852B /* main.m in Sources */,
				D41A9B802875F0DA0038852B /* SceneDelegate.m in Sources */,
			);
			runOnlyForDeploymentPostprocessing = 0;
		};
		D41A9B8F2875F0DB0038852B /* Sources */ = {
			isa = PBXSourcesBuildPhase;
			buildActionMask = 2147483647;
			files = (
				D41A9B982875F0DB0038852B /* starupTests.m in Sources */,
			);
			runOnlyForDeploymentPostprocessing = 0;
		};
		D41A9B992875F0DB0038852B /* Sources */ = {
			isa = PBXSourcesBuildPhase;
			buildActionMask = 2147483647;
			files = (
				D41A9BA22875F0DC0038852B /* starupUITests.m in Sources */,
				D41A9BA42875F0DC0038852B /* starupUITestsLaunchTests.m in Sources */,
			);
			runOnlyForDeploymentPostprocessing = 0;
		};
/* End PBXSourcesBuildPhase section */

/* Begin PBXTargetDependency section */
		D41A9B952875F0DB0038852B /* PBXTargetDependency */ = {
			isa = PBXTargetDependency;
			target = D41A9B772875F0DA0038852B /* starup */;
			targetProxy = D41A9B942875F0DB0038852B /* PBXContainerItemProxy */;
		};
		D41A9B9F2875F0DC0038852B /* PBXTargetDependency */ = {
			isa = PBXTargetDependency;
			target = D41A9B772875F0DA0038852B /* starup */;
			targetProxy = D41A9B9E2875F0DC0038852B /* PBXContainerItemProxy */;
		};
/* End PBXTargetDependency section */

/* Begin PBXVariantGroup section */
		D41A9B842875F0DA0038852B /* Main.storyboard */ = {
			isa = PBXVariantGroup;
			children = (
				D41A9B852875F0DA0038852B /* Base */,
			);
			name = Main.storyboard;
			sourceTree = "<group>";
		};
		D41A9B892875F0DB0038852B /* LaunchScreen.storyboard */ = {
			isa = PBXVariantGroup;
			children = (
				D41A9B8A2875F0DB0038852B /* Base */,
			);
			name = LaunchScreen.storyboard;
			sourceTree = "<group>";
		};
/* End PBXVariantGroup section */

/* Begin XCBuildConfiguration section */
		D41A9BA52875F0DC0038852B /* Debug */ = {
			isa = XCBuildConfiguration;
			buildSettings = {
				ALWAYS_SEARCH_USER_PATHS = NO;
				CLANG_ANALYZER_NONNULL = YES;
				CLANG_ANALYZER_NUMBER_OBJECT_CONVERSION = YES_AGGRESSIVE;
				CLANG_CXX_LANGUAGE_STANDARD = "gnu++17";
				CLANG_ENABLE_MODULES = YES;
				CLANG_ENABLE_OBJC_ARC = YES;
				CLANG_ENABLE_OBJC_WEAK = YES;
				CLANG_WARN_BLOCK_CAPTURE_AUTORELEASING = YES;
				CLANG_WARN_BOOL_CONVERSION = YES;
				CLANG_WARN_COMMA = YES;
				CLANG_WARN_CONSTANT_CONVERSION = YES;
				CLANG_WARN_DEPRECATED_OBJC_IMPLEMENTATIONS = YES;
				CLANG_WARN_DIRECT_OBJC_ISA_USAGE = YES_ERROR;
				CLANG_WARN_DOCUMENTATION_COMMENTS = YES;
				CLANG_WARN_EMPTY_BODY = YES;
				CLANG_WARN_ENUM_CONVERSION = YES;
				CLANG_WARN_INFINITE_RECURSION = YES;
				CLANG_WARN_INT_CONVERSION = YES;
				CLANG_WARN_NON_LITERAL_NULL_CONVERSION = YES;
				CLANG_WARN_OBJC_IMPLICIT_RETAIN_SELF = YES;
				CLANG_WARN_OBJC_LITERAL_CONVERSION = YES;
				CLANG_WARN_OBJC_ROOT_CLASS = YES_ERROR;
				CLANG_WARN_QUOTED_INCLUDE_IN_FRAMEWORK_HEADER = YES;
				CLANG_WARN_RANGE_LOOP_ANALYSIS = YES;
				CLANG_WARN_STRICT_PROTOTYPES = YES;
				CLANG_WARN_SUSPICIOUS_MOVE = YES;
				CLANG_WARN_UNGUARDED_AVAILABILITY = YES_AGGRESSIVE;
				CLANG_WARN_UNREACHABLE_CODE = YES;
				CLANG_WARN__DUPLICATE_METHOD_MATCH = YES;
				COPY_PHASE_STRIP = NO;
				DEBUG_INFORMATION_FORMAT = dwarf;
				ENABLE_STRICT_OBJC_MSGSEND = YES;
				ENABLE_TESTABILITY = YES;
				GCC_C_LANGUAGE_STANDARD = gnu11;
				GCC_DYNAMIC_NO_PIC = NO;
				GCC_NO_COMMON_BLOCKS = YES;
				GCC_OPTIMIZATION_LEVEL = 0;
				GCC_PREPROCESSOR_DEFINITIONS = (
					"DEBUG=1",
					"$(inherited)",
				);
				GCC_WARN_64_TO_32_BIT_CONVERSION = YES;
				GCC_WARN_ABOUT_RETURN_TYPE = YES_ERROR;
				GCC_WARN_UNDECLARED_SELECTOR = YES;
				GCC_WARN_UNINITIALIZED_AUTOS = YES_AGGRESSIVE;
				GCC_WARN_UNUSED_FUNCTION = YES;
				GCC_WARN_UNUSED_VARIABLE = YES;
				IPHONEOS_DEPLOYMENT_TARGET = 15.5;
				MTL_ENABLE_DEBUG_INFO = INCLUDE_SOURCE;
				MTL_FAST_MATH = YES;
				ONLY_ACTIVE_ARCH = YES;
				SDKROOT = iphoneos;
			};
			name = Debug;
		};
		D41A9BA62875F0DC0038852B /* Release */ = {
			isa = XCBuildConfiguration;
			buildSettings = {
				ALWAYS_SEARCH_USER_PATHS = NO;
				CLANG_ANALYZER_NONNULL = YES;
				CLANG_ANALYZER_NUMBER_OBJECT_CONVERSION = YES_AGGRESSIVE;
				CLANG_CXX_LANGUAGE_STANDARD = "gnu++17";
				CLANG_ENABLE_MODULES = YES;
				CLANG_ENABLE_OBJC_ARC = YES;
				CLANG_ENABLE_OBJC_WEAK = YES;
				CLANG_WARN_BLOCK_CAPTURE_AUTORELEASING = YES;
				CLANG_WARN_BOOL_CONVERSION = YES;
				CLANG_WARN_COMMA = YES;
				CLANG_WARN_CONSTANT_CONVERSION = YES;
				CLANG_WARN_DEPRECATED_OBJC_IMPLEMENTATIONS = YES;
				CLANG_WARN_DIRECT_OBJC_ISA_USAGE = YES_ERROR;
				CLANG_WARN_DOCUMENTATION_COMMENTS = YES;
				CLANG_WARN_EMPTY_BODY = YES;
				CLANG_WARN_ENUM_CONVERSION = YES;
				CLANG_WARN_INFINITE_RECURSION = YES;
				CLANG_WARN_INT_CONVERSION = YES;
				CLANG_WARN_NON_LITERAL_NULL_CONVERSION = YES;
				CLANG_WARN_OBJC_IMPLICIT_RETAIN_SELF = YES;
				CLANG_WARN_OBJC_LITERAL_CONVERSION = YES;
				CLANG_WARN_OBJC_ROOT_CLASS = YES_ERROR;
				CLANG_WARN_QUOTED_INCLUDE_IN_FRAMEWORK_HEADER = YES;
				CLANG_WARN_RANGE_LOOP_ANALYSIS = YES;
				CLANG_WARN_STRICT_PROTOTYPES = YES;
				CLANG_WARN_SUSPICIOUS_MOVE = YES;
				CLANG_WARN_UNGUARDED_AVAILABILITY = YES_AGGRESSIVE;
				CLANG_WARN_UNREACHABLE_CODE = YES;
				CLANG_WARN__DUPLICATE_METHOD_MATCH = YES;
				COPY_PHASE_STRIP = NO;
				DEBUG_INFORMATION_FORMAT = "dwarf-with-dsym";
				ENABLE_NS_ASSERTIONS = NO;
				ENABLE_STRICT_OBJC_MSGSEND = YES;
				GCC_C_LANGUAGE_STANDARD = gnu11;
				GCC_NO_COMMON_BLOCKS = YES;
				GCC_WARN_64_TO_32_BIT_CONVERSION = YES;
				GCC_WARN_ABOUT_RETURN_TYPE = YES_ERROR;
				GCC_WARN_UNDECLARED_SELECTOR = YES;
				GCC_WARN_UNINITIALIZED_AUTOS = YES_AGGRESSIVE;
				GCC_WARN_UNUSED_FUNCTION = YES;
				GCC_WARN_UNUSED_VARIABLE = YES;
				IPHONEOS_DEPLOYMENT_TARGET = 15.5;
				MTL_ENABLE_DEBUG_INFO = NO;
				MTL_FAST_MATH = YES;
				SDKROOT = iphoneos;
				VALIDATE_PRODUCT = YES;
			};
			name = Release;
		};
		D41A9BA82875F0DC0038852B /* Debug */ = {
			isa = XCBuildConfiguration;
			baseConfigurationReference = 7F825E4AF2CEE9E6C29D1E76 /* Pods-starup.debug.xcconfig */;
			buildSettings = {
				ASSETCATALOG_COMPILER_APPICON_NAME = AppIcon;
				ASSETCATALOG_COMPILER_GLOBAL_ACCENT_COLOR_NAME = AccentColor;
				CODE_SIGN_STYLE = Automatic;
				CURRENT_PROJECT_VERSION = 1;
				GENERATE_INFOPLIST_FILE = YES;
				INFOPLIST_FILE = starup/Info.plist;
				INFOPLIST_KEY_UIApplicationSupportsIndirectInputEvents = YES;
				INFOPLIST_KEY_UILaunchStoryboardName = LaunchScreen;
				INFOPLIST_KEY_UIMainStoryboardFile = Main;
				INFOPLIST_KEY_UISupportedInterfaceOrientations_iPad = "UIInterfaceOrientationPortrait UIInterfaceOrientationPortraitUpsideDown UIInterfaceOrientationLandscapeLeft UIInterfaceOrientationLandscapeRight";
				INFOPLIST_KEY_UISupportedInterfaceOrientations_iPhone = "UIInterfaceOrientationPortrait UIInterfaceOrientationLandscapeLeft UIInterfaceOrientationLandscapeRight";
				LD_RUNPATH_SEARCH_PATHS = (
					"$(inherited)",
					"@executable_path/Frameworks",
				);
				MARKETING_VERSION = 1.0;
				PRODUCT_BUNDLE_IDENTIFIER = com.uniquename.starup;
				PRODUCT_NAME = "$(TARGET_NAME)";
				SWIFT_EMIT_LOC_STRINGS = YES;
				TARGETED_DEVICE_FAMILY = "1,2";
			};
			name = Debug;
		};
		D41A9BA92875F0DC0038852B /* Release */ = {
			isa = XCBuildConfiguration;
			baseConfigurationReference = 8D3C128374EC55E4C0848D59 /* Pods-starup.release.xcconfig */;
			buildSettings = {
				ASSETCATALOG_COMPILER_APPICON_NAME = AppIcon;
				ASSETCATALOG_COMPILER_GLOBAL_ACCENT_COLOR_NAME = AccentColor;
				CODE_SIGN_STYLE = Automatic;
				CURRENT_PROJECT_VERSION = 1;
				GENERATE_INFOPLIST_FILE = YES;
				INFOPLIST_FILE = starup/Info.plist;
				INFOPLIST_KEY_UIApplicationSupportsIndirectInputEvents = YES;
				INFOPLIST_KEY_UILaunchStoryboardName = LaunchScreen;
				INFOPLIST_KEY_UIMainStoryboardFile = Main;
				INFOPLIST_KEY_UISupportedInterfaceOrientations_iPad = "UIInterfaceOrientationPortrait UIInterfaceOrientationPortraitUpsideDown UIInterfaceOrientationLandscapeLeft UIInterfaceOrientationLandscapeRight";
				INFOPLIST_KEY_UISupportedInterfaceOrientations_iPhone = "UIInterfaceOrientationPortrait UIInterfaceOrientationLandscapeLeft UIInterfaceOrientationLandscapeRight";
				LD_RUNPATH_SEARCH_PATHS = (
					"$(inherited)",
					"@executable_path/Frameworks",
				);
				MARKETING_VERSION = 1.0;
				PRODUCT_BUNDLE_IDENTIFIER = com.uniquename.starup;
				PRODUCT_NAME = "$(TARGET_NAME)";
				SWIFT_EMIT_LOC_STRINGS = YES;
				TARGETED_DEVICE_FAMILY = "1,2";
			};
			name = Release;
		};
		D41A9BAB2875F0DC0038852B /* Debug */ = {
			isa = XCBuildConfiguration;
			baseConfigurationReference = 735A2F298342EC4AF9CD2821 /* Pods-starupTests.debug.xcconfig */;
			buildSettings = {
				BUNDLE_LOADER = "$(TEST_HOST)";
				CODE_SIGN_STYLE = Automatic;
				CURRENT_PROJECT_VERSION = 1;
				GENERATE_INFOPLIST_FILE = YES;
				IPHONEOS_DEPLOYMENT_TARGET = 15.5;
				MARKETING_VERSION = 1.0;
				PRODUCT_BUNDLE_IDENTIFIER = com.uniquename.starupTests;
				PRODUCT_NAME = "$(TARGET_NAME)";
				SWIFT_EMIT_LOC_STRINGS = NO;
				TARGETED_DEVICE_FAMILY = "1,2";
				TEST_HOST = "$(BUILT_PRODUCTS_DIR)/starup.app/starup";
			};
			name = Debug;
		};
		D41A9BAC2875F0DC0038852B /* Release */ = {
			isa = XCBuildConfiguration;
			baseConfigurationReference = 746803DBBEAB7E40D2152912 /* Pods-starupTests.release.xcconfig */;
			buildSettings = {
				BUNDLE_LOADER = "$(TEST_HOST)";
				CODE_SIGN_STYLE = Automatic;
				CURRENT_PROJECT_VERSION = 1;
				GENERATE_INFOPLIST_FILE = YES;
				IPHONEOS_DEPLOYMENT_TARGET = 15.5;
				MARKETING_VERSION = 1.0;
				PRODUCT_BUNDLE_IDENTIFIER = com.uniquename.starupTests;
				PRODUCT_NAME = "$(TARGET_NAME)";
				SWIFT_EMIT_LOC_STRINGS = NO;
				TARGETED_DEVICE_FAMILY = "1,2";
				TEST_HOST = "$(BUILT_PRODUCTS_DIR)/starup.app/starup";
			};
			name = Release;
		};
		D41A9BAE2875F0DC0038852B /* Debug */ = {
			isa = XCBuildConfiguration;
			baseConfigurationReference = 27DD39C3BE3EECB3B6F3EEDE /* Pods-starup-starupUITests.debug.xcconfig */;
			buildSettings = {
				CODE_SIGN_STYLE = Automatic;
				CURRENT_PROJECT_VERSION = 1;
				GENERATE_INFOPLIST_FILE = YES;
				MARKETING_VERSION = 1.0;
				PRODUCT_BUNDLE_IDENTIFIER = com.uniquename.starupUITests;
				PRODUCT_NAME = "$(TARGET_NAME)";
				SWIFT_EMIT_LOC_STRINGS = NO;
				TARGETED_DEVICE_FAMILY = "1,2";
				TEST_TARGET_NAME = starup;
			};
			name = Debug;
		};
		D41A9BAF2875F0DC0038852B /* Release */ = {
			isa = XCBuildConfiguration;
			baseConfigurationReference = 7A96544771F736D63295626F /* Pods-starup-starupUITests.release.xcconfig */;
			buildSettings = {
				CODE_SIGN_STYLE = Automatic;
				CURRENT_PROJECT_VERSION = 1;
				GENERATE_INFOPLIST_FILE = YES;
				MARKETING_VERSION = 1.0;
				PRODUCT_BUNDLE_IDENTIFIER = com.uniquename.starupUITests;
				PRODUCT_NAME = "$(TARGET_NAME)";
				SWIFT_EMIT_LOC_STRINGS = NO;
				TARGETED_DEVICE_FAMILY = "1,2";
				TEST_TARGET_NAME = starup;
			};
			name = Release;
		};
/* End XCBuildConfiguration section */

/* Begin XCConfigurationList section */
		D41A9B732875F0DA0038852B /* Build configuration list for PBXProject "starup" */ = {
			isa = XCConfigurationList;
			buildConfigurations = (
				D41A9BA52875F0DC0038852B /* Debug */,
				D41A9BA62875F0DC0038852B /* Release */,
			);
			defaultConfigurationIsVisible = 0;
			defaultConfigurationName = Release;
		};
		D41A9BA72875F0DC0038852B /* Build configuration list for PBXNativeTarget "starup" */ = {
			isa = XCConfigurationList;
			buildConfigurations = (
				D41A9BA82875F0DC0038852B /* Debug */,
				D41A9BA92875F0DC0038852B /* Release */,
			);
			defaultConfigurationIsVisible = 0;
			defaultConfigurationName = Release;
		};
		D41A9BAA2875F0DC0038852B /* Build configuration list for PBXNativeTarget "starupTests" */ = {
			isa = XCConfigurationList;
			buildConfigurations = (
				D41A9BAB2875F0DC0038852B /* Debug */,
				D41A9BAC2875F0DC0038852B /* Release */,
			);
			defaultConfigurationIsVisible = 0;
			defaultConfigurationName = Release;
		};
		D41A9BAD2875F0DC0038852B /* Build configuration list for PBXNativeTarget "starupUITests" */ = {
			isa = XCConfigurationList;
			buildConfigurations = (
				D41A9BAE2875F0DC0038852B /* Debug */,
				D41A9BAF2875F0DC0038852B /* Release */,
			);
			defaultConfigurationIsVisible = 0;
			defaultConfigurationName = Release;
		};
/* End XCConfigurationList section */
	};
	rootObject = D41A9B702875F0DA0038852B /* Project object */;
}
